
Microsoft Visual Studio Solution File, Format Version 12.00
# Visual Studio Version 17
VisualStudioVersion = 17.8.34408.163
MinimumVisualStudioVersion = 10.0.40219.1
Project("{E53339B2-1760-4266-BCC7-CA923CBCF16C}") = "docker-compose", "docker-compose.dcproj", "{36AEF74F-2BCA-4B87-B9C2-C3214131B749}"
EndProject
Global
	GlobalSection(SolutionConfigurationPlatforms) = preSolution
		Debug|Any CPU = Debug|Any CPU
		Release|Any CPU = Release|Any CPU
	EndGlobalSection
	GlobalSection(ProjectConfigurationPlatforms) = postSolution
		{36AEF74F-2BCA-4B87-B9C2-C3214131B749}.Debug|Any CPU.ActiveCfg = Debug|Any CPU
		{36AEF74F-2BCA-4B87-B9C2-C3214131B749}.Debug|Any CPU.Build.0 = Debug|Any CPU
		{36AEF74F-2BCA-4B87-B9C2-C3214131B749}.Release|Any CPU.ActiveCfg = Release|Any CPU
		{36AEF74F-2BCA-4B87-B9C2-C3214131B749}.Release|Any CPU.Build.0 = Release|Any CPU
	EndGlobalSection
	GlobalSection(SolutionProperties) = preSolution
		HideSolutionNode = FALSE
	EndGlobalSection
	GlobalSection(ExtensibilityGlobals) = postSolution
		SolutionGuid = {A204581D-E243-477F-AF29-AC78B33AAC37}
	EndGlobalSection
EndGlobal
